
Microsoft Visual Studio Solution File, Format Version 12.00
# Visual Studio 2013
VisualStudioVersion = 12.0.40629.0
MinimumVisualStudioVersion = 10.0.40219.1
Project("{FAE04EC0-301F-11D3-BF4B-00C04F79EFBC}") = "m2k", "m2k\m2k.csproj", "{9335ED42-D7D2-453B-BF6F-B1A4C4B79A78}"
EndProject
Global
	GlobalSection(SolutionConfigurationPlatforms) = preSolution
		Debug|Any CPU = Debug|Any CPU
		Release|Any CPU = Release|Any CPU
	EndGlobalSection
	GlobalSection(ProjectConfigurationPlatforms) = postSolution
		{9335ED42-D7D2-453B-BF6F-B1A4C4B79A78}.Debug|Any CPU.ActiveCfg = Debug|Any CPU
		{9335ED42-D7D2-453B-BF6F-B1A4C4B79A78}.Debug|Any CPU.Build.0 = Debug|Any CPU
		{9335ED42-D7D2-453B-BF6F-B1A4C4B79A78}.Release|Any CPU.ActiveCfg = Release|Any CPU
		{9335ED42-D7D2-453B-BF6F-B1A4C4B79A78}.Release|Any CPU.Build.0 = Release|Any CPU
	EndGlobalSection
	GlobalSection(SolutionProperties) = preSolution
		HideSolutionNode = FALSE
	EndGlobalSection
EndGlobal
